
Microsoft Visual Studio Solution File, Format Version 12.00
# Visual Studio Version 17
VisualStudioVersion = 17.5.33516.290
MinimumVisualStudioVersion = 10.0.40219.1
Project("{FAE04EC0-301F-11D3-BF4B-00C04F79EFBC}") = "parametrosArray", "parametrosArray\parametrosArray.csproj", "{AE18AB83-1E34-4A14-8CFA-48B650C51679}"
EndProject
Global
	GlobalSection(SolutionConfigurationPlatforms) = preSolution
		Debug|Any CPU = Debug|Any CPU
		Release|Any CPU = Release|Any CPU
	EndGlobalSection
	GlobalSection(ProjectConfigurationPlatforms) = postSolution
		{AE18AB83-1E34-4A14-8CFA-48B650C51679}.Debug|Any CPU.ActiveCfg = Debug|Any CPU
		{AE18AB83-1E34-4A14-8CFA-48B650C51679}.Debug|Any CPU.Build.0 = Debug|Any CPU
		{AE18AB83-1E34-4A14-8CFA-48B650C51679}.Release|Any CPU.ActiveCfg = Release|Any CPU
		{AE18AB83-1E34-4A14-8CFA-48B650C51679}.Release|Any CPU.Build.0 = Release|Any CPU
	EndGlobalSection
	GlobalSection(SolutionProperties) = preSolution
		HideSolutionNode = FALSE
	EndGlobalSection
	GlobalSection(ExtensibilityGlobals) = postSolution
		SolutionGuid = {E010DB91-7868-4BB0-A1B6-C6167C8EEC4A}
	EndGlobalSection
EndGlobal
