
Microsoft Visual Studio Solution File, Format Version 12.00
# Visual Studio Version 17
VisualStudioVersion = 17.5.33516.290
MinimumVisualStudioVersion = 10.0.40219.1
Project("{FAE04EC0-301F-11D3-BF4B-00C04F79EFBC}") = "OPP", "OPP\OPP.csproj", "{0B3AB819-3E43-42F1-9867-0369E70B8A65}"
EndProject
Global
	GlobalSection(SolutionConfigurationPlatforms) = preSolution
		Debug|Any CPU = Debug|Any CPU
		Release|Any CPU = Release|Any CPU
	EndGlobalSection
	GlobalSection(ProjectConfigurationPlatforms) = postSolution
		{0B3AB819-3E43-42F1-9867-0369E70B8A65}.Debug|Any CPU.ActiveCfg = Debug|Any CPU
		{0B3AB819-3E43-42F1-9867-0369E70B8A65}.Debug|Any CPU.Build.0 = Debug|Any CPU
		{0B3AB819-3E43-42F1-9867-0369E70B8A65}.Release|Any CPU.ActiveCfg = Release|Any CPU
		{0B3AB819-3E43-42F1-9867-0369E70B8A65}.Release|Any CPU.Build.0 = Release|Any CPU
	EndGlobalSection
	GlobalSection(SolutionProperties) = preSolution
		HideSolutionNode = FALSE
	EndGlobalSection
	GlobalSection(ExtensibilityGlobals) = postSolution
		SolutionGuid = {61E84AA8-924A-42A0-B448-CCD636F24AD5}
	EndGlobalSection
EndGlobal
