
Microsoft Visual Studio Solution File, Format Version 12.00
# Visual Studio Version 17
VisualStudioVersion = 17.5.33627.172
MinimumVisualStudioVersion = 10.0.40219.1
Project("{FAE04EC0-301F-11D3-BF4B-00C04F79EFBC}") = "EqualAndGetHashCode", "EqualAndGetHashCode\EqualAndGetHashCode.csproj", "{CA80BCCF-C25C-40D1-9756-EC70D4F8E2D2}"
EndProject
Global
	GlobalSection(SolutionConfigurationPlatforms) = preSolution
		Debug|Any CPU = Debug|Any CPU
		Release|Any CPU = Release|Any CPU
	EndGlobalSection
	GlobalSection(ProjectConfigurationPlatforms) = postSolution
		{CA80BCCF-C25C-40D1-9756-EC70D4F8E2D2}.Debug|Any CPU.ActiveCfg = Debug|Any CPU
		{CA80BCCF-C25C-40D1-9756-EC70D4F8E2D2}.Debug|Any CPU.Build.0 = Debug|Any CPU
		{CA80BCCF-C25C-40D1-9756-EC70D4F8E2D2}.Release|Any CPU.ActiveCfg = Release|Any CPU
		{CA80BCCF-C25C-40D1-9756-EC70D4F8E2D2}.Release|Any CPU.Build.0 = Release|Any CPU
	EndGlobalSection
	GlobalSection(SolutionProperties) = preSolution
		HideSolutionNode = FALSE
	EndGlobalSection
	GlobalSection(ExtensibilityGlobals) = postSolution
		SolutionGuid = {A9634D52-A673-45C7-9841-38F11BAA6334}
	EndGlobalSection
EndGlobal
