
Microsoft Visual Studio Solution File, Format Version 12.00
# Visual Studio Version 17
VisualStudioVersion = 17.5.33516.290
MinimumVisualStudioVersion = 10.0.40219.1
Project("{FAE04EC0-301F-11D3-BF4B-00C04F79EFBC}") = "exercicioMatriz", "exercicioMatriz\exercicioMatriz.csproj", "{8170CE98-FF04-47AF-A33D-575F9DDFC411}"
EndProject
Global
	GlobalSection(SolutionConfigurationPlatforms) = preSolution
		Debug|Any CPU = Debug|Any CPU
		Release|Any CPU = Release|Any CPU
	EndGlobalSection
	GlobalSection(ProjectConfigurationPlatforms) = postSolution
		{8170CE98-FF04-47AF-A33D-575F9DDFC411}.Debug|Any CPU.ActiveCfg = Debug|Any CPU
		{8170CE98-FF04-47AF-A33D-575F9DDFC411}.Debug|Any CPU.Build.0 = Debug|Any CPU
		{8170CE98-FF04-47AF-A33D-575F9DDFC411}.Release|Any CPU.ActiveCfg = Release|Any CPU
		{8170CE98-FF04-47AF-A33D-575F9DDFC411}.Release|Any CPU.Build.0 = Release|Any CPU
	EndGlobalSection
	GlobalSection(SolutionProperties) = preSolution
		HideSolutionNode = FALSE
	EndGlobalSection
	GlobalSection(ExtensibilityGlobals) = postSolution
		SolutionGuid = {03E1F580-E9E8-4B49-AADA-A24CCA46A792}
	EndGlobalSection
EndGlobal
