
Microsoft Visual Studio Solution File, Format Version 12.00
# Visual Studio Version 17
VisualStudioVersion = 17.5.33627.172
MinimumVisualStudioVersion = 10.0.40219.1
Project("{FAE04EC0-301F-11D3-BF4B-00C04F79EFBC}") = "Exception", "Exception\Exception.csproj", "{B1B9DBBD-2186-45EF-81BA-5C7C2D1E584A}"
EndProject
Global
	GlobalSection(SolutionConfigurationPlatforms) = preSolution
		Debug|Any CPU = Debug|Any CPU
		Release|Any CPU = Release|Any CPU
	EndGlobalSection
	GlobalSection(ProjectConfigurationPlatforms) = postSolution
		{B1B9DBBD-2186-45EF-81BA-5C7C2D1E584A}.Debug|Any CPU.ActiveCfg = Debug|Any CPU
		{B1B9DBBD-2186-45EF-81BA-5C7C2D1E584A}.Debug|Any CPU.Build.0 = Debug|Any CPU
		{B1B9DBBD-2186-45EF-81BA-5C7C2D1E584A}.Release|Any CPU.ActiveCfg = Release|Any CPU
		{B1B9DBBD-2186-45EF-81BA-5C7C2D1E584A}.Release|Any CPU.Build.0 = Release|Any CPU
	EndGlobalSection
	GlobalSection(SolutionProperties) = preSolution
		HideSolutionNode = FALSE
	EndGlobalSection
	GlobalSection(ExtensibilityGlobals) = postSolution
		SolutionGuid = {FDDA396B-BACB-45F8-AE2E-55A16DD286C9}
	EndGlobalSection
EndGlobal
