
Microsoft Visual Studio Solution File, Format Version 12.00
# Visual Studio Version 17
VisualStudioVersion = 17.5.33516.290
MinimumVisualStudioVersion = 10.0.40219.1
Project("{FAE04EC0-301F-11D3-BF4B-00C04F79EFBC}") = "BoxingUnboxing", "BoxingUnboxing\BoxingUnboxing.csproj", "{9A260F42-0AC6-4AC8-AF15-1DFEC788CD38}"
EndProject
Global
	GlobalSection(SolutionConfigurationPlatforms) = preSolution
		Debug|Any CPU = Debug|Any CPU
		Release|Any CPU = Release|Any CPU
	EndGlobalSection
	GlobalSection(ProjectConfigurationPlatforms) = postSolution
		{9A260F42-0AC6-4AC8-AF15-1DFEC788CD38}.Debug|Any CPU.ActiveCfg = Debug|Any CPU
		{9A260F42-0AC6-4AC8-AF15-1DFEC788CD38}.Debug|Any CPU.Build.0 = Debug|Any CPU
		{9A260F42-0AC6-4AC8-AF15-1DFEC788CD38}.Release|Any CPU.ActiveCfg = Release|Any CPU
		{9A260F42-0AC6-4AC8-AF15-1DFEC788CD38}.Release|Any CPU.Build.0 = Release|Any CPU
	EndGlobalSection
	GlobalSection(SolutionProperties) = preSolution
		HideSolutionNode = FALSE
	EndGlobalSection
	GlobalSection(ExtensibilityGlobals) = postSolution
		SolutionGuid = {0CC3813E-A43A-483A-92E9-47B69CAE637F}
	EndGlobalSection
EndGlobal
