
Microsoft Visual Studio Solution File, Format Version 12.00
# Visual Studio Version 17
VisualStudioVersion = 17.5.33516.290
MinimumVisualStudioVersion = 10.0.40219.1
Project("{FAE04EC0-301F-11D3-BF4B-00C04F79EFBC}") = "estatco", "estatco\estatco.csproj", "{F920B286-7730-4B4D-88DF-30CFC65533F9}"
EndProject
Global
	GlobalSection(SolutionConfigurationPlatforms) = preSolution
		Debug|Any CPU = Debug|Any CPU
		Release|Any CPU = Release|Any CPU
	EndGlobalSection
	GlobalSection(ProjectConfigurationPlatforms) = postSolution
		{F920B286-7730-4B4D-88DF-30CFC65533F9}.Debug|Any CPU.ActiveCfg = Debug|Any CPU
		{F920B286-7730-4B4D-88DF-30CFC65533F9}.Debug|Any CPU.Build.0 = Debug|Any CPU
		{F920B286-7730-4B4D-88DF-30CFC65533F9}.Release|Any CPU.ActiveCfg = Release|Any CPU
		{F920B286-7730-4B4D-88DF-30CFC65533F9}.Release|Any CPU.Build.0 = Release|Any CPU
	EndGlobalSection
	GlobalSection(SolutionProperties) = preSolution
		HideSolutionNode = FALSE
	EndGlobalSection
	GlobalSection(ExtensibilityGlobals) = postSolution
		SolutionGuid = {FD290396-53FE-434D-B044-D1729E3D3ACB}
	EndGlobalSection
EndGlobal
